
Microsoft Visual Studio Solution File, Format Version 12.00
# Visual Studio Version 16
VisualStudioVersion = 16.0.29709.97
MinimumVisualStudioVersion = 10.0.40219.1
Project("{FAE04EC0-301F-11D3-BF4B-00C04F79EFBC}") = "Core", "Core\Core.csproj", "{5CA65825-8474-4BF1-824A-F6CA8CE3D7BD}"
EndProject
Project("{FAE04EC0-301F-11D3-BF4B-00C04F79EFBC}") = "UnitTests", "UnitTests\UnitTests.csproj", "{9EDFB589-63B3-4264-B003-D15E34727BFB}"
EndProject
Project("{FAE04EC0-301F-11D3-BF4B-00C04F79EFBC}") = "FunctionalTests", "FunctionalTests\FunctionalTests.csproj", "{49DF90E1-CD8D-4046-926D-1F0EFADF1E4E}"
EndProject
Global
	GlobalSection(SolutionConfigurationPlatforms) = preSolution
		Debug|Any CPU = Debug|Any CPU
		Release|Any CPU = Release|Any CPU
	EndGlobalSection
	GlobalSection(ProjectConfigurationPlatforms) = postSolution
		{5CA65825-8474-4BF1-824A-F6CA8CE3D7BD}.Debug|Any CPU.ActiveCfg = Debug|Any CPU
		{5CA65825-8474-4BF1-824A-F6CA8CE3D7BD}.Debug|Any CPU.Build.0 = Debug|Any CPU
		{5CA65825-8474-4BF1-824A-F6CA8CE3D7BD}.Release|Any CPU.ActiveCfg = Release|Any CPU
		{5CA65825-8474-4BF1-824A-F6CA8CE3D7BD}.Release|Any CPU.Build.0 = Release|Any CPU
		{9EDFB589-63B3-4264-B003-D15E34727BFB}.Debug|Any CPU.ActiveCfg = Debug|Any CPU
		{9EDFB589-63B3-4264-B003-D15E34727BFB}.Debug|Any CPU.Build.0 = Debug|Any CPU
		{9EDFB589-63B3-4264-B003-D15E34727BFB}.Release|Any CPU.ActiveCfg = Release|Any CPU
		{9EDFB589-63B3-4264-B003-D15E34727BFB}.Release|Any CPU.Build.0 = Release|Any CPU
		{49DF90E1-CD8D-4046-926D-1F0EFADF1E4E}.Debug|Any CPU.ActiveCfg = Debug|Any CPU
		{49DF90E1-CD8D-4046-926D-1F0EFADF1E4E}.Debug|Any CPU.Build.0 = Debug|Any CPU
		{49DF90E1-CD8D-4046-926D-1F0EFADF1E4E}.Release|Any CPU.ActiveCfg = Release|Any CPU
		{49DF90E1-CD8D-4046-926D-1F0EFADF1E4E}.Release|Any CPU.Build.0 = Release|Any CPU
	EndGlobalSection
	GlobalSection(SolutionProperties) = preSolution
		HideSolutionNode = FALSE
	EndGlobalSection
	GlobalSection(ExtensibilityGlobals) = postSolution
		SolutionGuid = {AE251200-A936-472C-B54E-6293E7BB6B39}
	EndGlobalSection
EndGlobal
